
Microsoft Visual Studio Solution File, Format Version 12.00
# Visual Studio Version 17
VisualStudioVersion = 17.4.33205.214
MinimumVisualStudioVersion = 10.0.40219.1
Project("{FAE04EC0-301F-11D3-BF4B-00C04F79EFBC}") = "task03correct", "task03correct\task03correct.csproj", "{FCDEF02D-95E3-4984-B257-4C0EE125A3CD}"
EndProject
Global
	GlobalSection(SolutionConfigurationPlatforms) = preSolution
		Debug|Any CPU = Debug|Any CPU
		Release|Any CPU = Release|Any CPU
	EndGlobalSection
	GlobalSection(ProjectConfigurationPlatforms) = postSolution
		{FCDEF02D-95E3-4984-B257-4C0EE125A3CD}.Debug|Any CPU.ActiveCfg = Debug|Any CPU
		{FCDEF02D-95E3-4984-B257-4C0EE125A3CD}.Debug|Any CPU.Build.0 = Debug|Any CPU
		{FCDEF02D-95E3-4984-B257-4C0EE125A3CD}.Release|Any CPU.ActiveCfg = Release|Any CPU
		{FCDEF02D-95E3-4984-B257-4C0EE125A3CD}.Release|Any CPU.Build.0 = Release|Any CPU
	EndGlobalSection
	GlobalSection(SolutionProperties) = preSolution
		HideSolutionNode = FALSE
	EndGlobalSection
	GlobalSection(ExtensibilityGlobals) = postSolution
		SolutionGuid = {D8E9F983-8F10-4D2D-95CE-1264ED8A67F7}
	EndGlobalSection
EndGlobal
